// !$*UTF8*$!
{
	archiveVersion = 1;
	classes = {
	};
	objectVersion = 46;
	objects = {

/* Begin PBXBuildFile section */
		030E5A5A1B31C91B00F87FD3 /* bricks.atlas in Resources */ = {isa = PBXBuildFile; fileRef = 030E5A591B31C91B00F87FD3 /* bricks.atlas */; };
		030E5A5E1B31CF8700F87FD3 /* orb.atlas in Resources */ = {isa = PBXBuildFile; fileRef = 030E5A5D1B31CF8700F87FD3 /* orb.atlas */; };
		0363A04E1B2D7D8C00AB0D53 /* blip.caf in Resources */ = {isa = PBXBuildFile; fileRef = 0363A04B1B2D7D8C00AB0D53 /* blip.caf */; };
		0363A04F1B2D7D8C00AB0D53 /* brickhit.caf in Resources */ = {isa = PBXBuildFile; fileRef = 0363A04C1B2D7D8C00AB0D53 /* brickhit.caf */; };
		0363A0501B2D7D8C00AB0D53 /* gameover.caf in Resources */ = {isa = PBXBuildFile; fileRef = 0363A04D1B2D7D8C00AB0D53 /* gameover.caf */; };
		0363A0531B2D975200AB0D53 /* EndScene.m in Sources */ = {isa = PBXBuildFile; fileRef = 0363A0521B2D975200AB0D53 /* EndScene.m */; };
		03B324501B25D1A80064218A /* main.m in Sources */ = {isa = PBXBuildFile; fileRef = 03B3244F1B25D1A80064218A /* main.m */; };
		03B324531B25D1A80064218A /* AppDelegate.m in Sources */ = {isa = PBXBuildFile; fileRef = 03B324521B25D1A80064218A /* AppDelegate.m */; };
		03B324561B25D1A80064218A /* GameScene.m in Sources */ = {isa = PBXBuildFile; fileRef = 03B324551B25D1A80064218A /* GameScene.m */; };
		03B324581B25D1A80064218A /* GameScene.sks in Resources */ = {isa = PBXBuildFile; fileRef = 03B324571B25D1A80064218A /* GameScene.sks */; };
		03B3245B1B25D1A80064218A /* GameViewController.m in Sources */ = {isa = PBXBuildFile; fileRef = 03B3245A1B25D1A80064218A /* GameViewController.m */; };
		03B3245E1B25D1A80064218A /* Main.storyboard in Resources */ = {isa = PBXBuildFile; fileRef = 03B3245C1B25D1A80064218A /* Main.storyboard */; };
		03B324601B25D1A80064218A /* Images.xcassets in Resources */ = {isa = PBXBuildFile; fileRef = 03B3245F1B25D1A80064218A /* Images.xcassets */; };
		03B324631B25D1A80064218A /* LaunchScreen.xib in Resources */ = {isa = PBXBuildFile; fileRef = 03B324611B25D1A80064218A /* LaunchScreen.xib */; };
		03B3246F1B25D1A80064218A /* BrickBreakerTests.m in Sources */ = {isa = PBXBuildFile; fileRef = 03B3246E1B25D1A80064218A /* BrickBreakerTests.m */; };
/* End PBXBuildFile section */

/* Begin PBXContainerItemProxy section */
		03B324691B25D1A80064218A /* PBXContainerItemProxy */ = {
			isa = PBXContainerItemProxy;
			containerPortal = 03B324421B25D1A80064218A /* Project object */;
			proxyType = 1;
			remoteGlobalIDString = 03B324491B25D1A80064218A;
			remoteInfo = BrickBreaker;
		};
/* End PBXContainerItemProxy section */

/* Begin PBXFileReference section */
		030E5A591B31C91B00F87FD3 /* bricks.atlas */ = {isa = PBXFileReference; lastKnownFileType = folder.skatlas; path = bricks.atlas; sourceTree = "<group>"; };
		030E5A5D1B31CF8700F87FD3 /* orb.atlas */ = {isa = PBXFileReference; lastKnownFileType = folder.skatlas; name = orb.atlas; path = bricks.atlas/orb.atlas; sourceTree = "<group>"; };
		0363A04B1B2D7D8C00AB0D53 /* blip.caf */ = {isa = PBXFileReference; lastKnownFileType = file; path = blip.caf; sourceTree = "<group>"; };
		0363A04C1B2D7D8C00AB0D53 /* brickhit.caf */ = {isa = PBXFileReference; lastKnownFileType = file; path = brickhit.caf; sourceTree = "<group>"; };
		0363A04D1B2D7D8C00AB0D53 /* gameover.caf */ = {isa = PBXFileReference; lastKnownFileType = file; path = gameover.caf; sourceTree = "<group>"; };
		0363A0511B2D975200AB0D53 /* EndScene.h */ = {isa = PBXFileReference; fileEncoding = 4; lastKnownFileType = sourcecode.c.h; path = EndScene.h; sourceTree = "<group>"; };
		0363A0521B2D975200AB0D53 /* EndScene.m */ = {isa = PBXFileReference; fileEncoding = 4; lastKnownFileType = sourcecode.c.objc; path = EndScene.m; sourceTree = "<group>"; };
		03B3244A1B25D1A80064218A /* BrickBreaker.app */ = {isa = PBXFileReference; explicitFileType = wrapper.application; includeInIndex = 0; path = BrickBreaker.app; sourceTree = BUILT_PRODUCTS_DIR; };
		03B3244E1B25D1A80064218A /* Info.plist */ = {isa = PBXFileReference; lastKnownFileType = text.plist.xml; path = Info.plist; sourceTree = "<group>"; };
		03B3244F1B25D1A80064218A /* main.m */ = {isa = PBXFileReference; lastKnownFileType = sourcecode.c.objc; path = main.m; sourceTree = "<group>"; };
		03B324511B25D1A80064218A /* AppDelegate.h */ = {isa = PBXFileReference; lastKnownFileType = sourcecode.c.h; path = AppDelegate.h; sourceTree = "<group>"; };
		03B324521B25D1A80064218A /* AppDelegate.m */ = {isa = PBXFileReference; lastKnownFileType = sourcecode.c.objc; path = AppDelegate.m; sourceTree = "<group>"; };
		03B324541B25D1A80064218A /* GameScene.h */ = {isa = PBXFileReference; lastKnownFileType = sourcecode.c.h; path = GameScene.h; sourceTree = "<group>"; };
		03B324551B25D1A80064218A /* GameScene.m */ = {isa = PBXFileReference; lastKnownFileType = sourcecode.c.objc; path = GameScene.m; sourceTree = "<group>"; };
		03B324571B25D1A80064218A /* GameScene.sks */ = {isa = PBXFileReference; lastKnownFileType = file.sks; path = GameScene.sks; sourceTree = "<group>"; };
		03B324591B25D1A80064218A /* GameViewController.h */ = {isa = PBXFileReference; lastKnownFileType = sourcecode.c.h; path = GameViewController.h; sourceTree = "<group>"; };
		03B3245A1B25D1A80064218A /* GameViewController.m */ = {isa = PBXFileReference; lastKnownFileType = sourcecode.c.objc; path = GameViewController.m; sourceTree = "<group>"; };
		03B3245D1B25D1A80064218A /* Base */ = {isa = PBXFileReference; lastKnownFileType = file.storyboard; name = Base; path = Base.lproj/Main.storyboard; sourceTree = "<group>"; };
		03B3245F1B25D1A80064218A /* Images.xcassets */ = {isa = PBXFileReference; lastKnownFileType = folder.assetcatalog; path = Images.xcassets; sourceTree = "<group>"; };
		03B324621B25D1A80064218A /* Base */ = {isa = PBXFileReference; lastKnownFileType = file.xib; name = Base; path = Base.lproj/LaunchScreen.xib; sourceTree = "<group>"; };
		03B324681B25D1A80064218A /* BrickBreakerTests.xctest */ = {isa = PBXFileReference; explicitFileType = wrapper.cfbundle; includeInIndex = 0; path = BrickBreakerTests.xctest; sourceTree = BUILT_PRODUCTS_DIR; };
		03B3246D1B25D1A80064218A /* Info.plist */ = {isa = PBXFileReference; lastKnownFileType = text.plist.xml; path = Info.plist; sourceTree = "<group>"; };
		03B3246E1B25D1A80064218A /* BrickBreakerTests.m */ = {isa = PBXFileReference; lastKnownFileType = sourcecode.c.objc; path = BrickBreakerTests.m; sourceTree = "<group>"; };
/* End PBXFileReference section */

/* Begin PBXFrameworksBuildPhase section */
		03B324471B25D1A80064218A /* Frameworks */ = {
			isa = PBXFrameworksBuildPhase;
			buildActionMask = 2147483647;
			files = (
			);
			runOnlyForDeploymentPostprocessing = 0;
		};
		03B324651B25D1A80064218A /* Frameworks */ = {
			isa = PBXFrameworksBuildPhase;
			buildActionMask = 2147483647;
			files = (
			);
			runOnlyForDeploymentPostprocessing = 0;
		};
/* End PBXFrameworksBuildPhase section */

/* Begin PBXGroup section */
		03B324411B25D1A80064218A = {
			isa = PBXGroup;
			children = (
				0363A04B1B2D7D8C00AB0D53 /* blip.caf */,
				0363A04C1B2D7D8C00AB0D53 /* brickhit.caf */,
				0363A04D1B2D7D8C00AB0D53 /* gameover.caf */,
				03B3244C1B25D1A80064218A /* BrickBreaker */,
				03B3246B1B25D1A80064218A /* BrickBreakerTests */,
				03B3244B1B25D1A80064218A /* Products */,
			);
			sourceTree = "<group>";
		};
		03B3244B1B25D1A80064218A /* Products */ = {
			isa = PBXGroup;
			children = (
				03B3244A1B25D1A80064218A /* BrickBreaker.app */,
				03B324681B25D1A80064218A /* BrickBreakerTests.xctest */,
			);
			name = Products;
			sourceTree = "<group>";
		};
		03B3244C1B25D1A80064218A /* BrickBreaker */ = {
			isa = PBXGroup;
			children = (
				030E5A591B31C91B00F87FD3 /* bricks.atlas */,
				03B324511B25D1A80064218A /* AppDelegate.h */,
				030E5A5D1B31CF8700F87FD3 /* orb.atlas */,
				03B324521B25D1A80064218A /* AppDelegate.m */,
				03B324541B25D1A80064218A /* GameScene.h */,
				03B324551B25D1A80064218A /* GameScene.m */,
				0363A0511B2D975200AB0D53 /* EndScene.h */,
				0363A0521B2D975200AB0D53 /* EndScene.m */,
				03B324571B25D1A80064218A /* GameScene.sks */,
				03B324591B25D1A80064218A /* GameViewController.h */,
				03B3245A1B25D1A80064218A /* GameViewController.m */,
				03B3245C1B25D1A80064218A /* Main.storyboard */,
				03B3245F1B25D1A80064218A /* Images.xcassets */,
				03B324611B25D1A80064218A /* LaunchScreen.xib */,
				03B3244D1B25D1A80064218A /* Supporting Files */,
			);
			path = BrickBreaker;
			sourceTree = "<group>";
		};
		03B3244D1B25D1A80064218A /* Supporting Files */ = {
			isa = PBXGroup;
			children = (
				03B3244E1B25D1A80064218A /* Info.plist */,
				03B3244F1B25D1A80064218A /* main.m */,
			);
			name = "Supporting Files";
			sourceTree = "<group>";
		};
		03B3246B1B25D1A80064218A /* BrickBreakerTests */ = {
			isa = PBXGroup;
			children = (
				03B3246E1B25D1A80064218A /* BrickBreakerTests.m */,
				03B3246C1B25D1A80064218A /* Supporting Files */,
			);
			path = BrickBreakerTests;
			sourceTree = "<group>";
		};
		03B3246C1B25D1A80064218A /* Supporting Files */ = {
			isa = PBXGroup;
			children = (
				03B3246D1B25D1A80064218A /* Info.plist */,
			);
			name = "Supporting Files";
			sourceTree = "<group>";
		};
/* End PBXGroup section */

/* Begin PBXNativeTarget section */
		03B324491B25D1A80064218A /* BrickBreaker */ = {
			isa = PBXNativeTarget;
			buildConfigurationList = 03B324721B25D1A80064218A /* Build configuration list for PBXNativeTarget "BrickBreaker" */;
			buildPhases = (
				03B324461B25D1A80064218A /* Sources */,
				03B324471B25D1A80064218A /* Frameworks */,
				03B324481B25D1A80064218A /* Resources */,
			);
			buildRules = (
			);
			dependencies = (
			);
			name = BrickBreaker;
			productName = BrickBreaker;
			productReference = 03B3244A1B25D1A80064218A /* BrickBreaker.app */;
			productType = "com.apple.product-type.application";
		};
		03B324671B25D1A80064218A /* BrickBreakerTests */ = {
			isa = PBXNativeTarget;
			buildConfigurationList = 03B324751B25D1A80064218A /* Build configuration list for PBXNativeTarget "BrickBreakerTests" */;
			buildPhases = (
				03B324641B25D1A80064218A /* Sources */,
				03B324651B25D1A80064218A /* Frameworks */,
				03B324661B25D1A80064218A /* Resources */,
			);
			buildRules = (
			);
			dependencies = (
				03B3246A1B25D1A80064218A /* PBXTargetDependency */,
			);
			name = BrickBreakerTests;
			productName = BrickBreakerTests;
			productReference = 03B324681B25D1A80064218A /* BrickBreakerTests.xctest */;
			productType = "com.apple.product-type.bundle.unit-test";
		};
/* End PBXNativeTarget section */

/* Begin PBXProject section */
		03B324421B25D1A80064218A /* Project object */ = {
			isa = PBXProject;
			attributes = {
				LastUpgradeCheck = 0610;
				ORGANIZATIONNAME = "Erik Arakelyan";
				TargetAttributes = {
					03B324491B25D1A80064218A = {
						CreatedOnToolsVersion = 6.1.1;
					};
					03B324671B25D1A80064218A = {
						CreatedOnToolsVersion = 6.1.1;
						TestTargetID = 03B324491B25D1A80064218A;
					};
				};
			};
			buildConfigurationList = 03B324451B25D1A80064218A /* Build configuration list for PBXProject "BrickBreaker" */;
			compatibilityVersion = "Xcode 3.2";
			developmentRegion = English;
			hasScannedForEncodings = 0;
			knownRegions = (
				en,
				Base,
			);
			mainGroup = 03B324411B25D1A80064218A;
			productRefGroup = 03B3244B1B25D1A80064218A /* Products */;
			projectDirPath = "";
			projectRoot = "";
			targets = (
				03B324491B25D1A80064218A /* BrickBreaker */,
				03B324671B25D1A80064218A /* BrickBreakerTests */,
			);
		};
/* End PBXProject section */

/* Begin PBXResourcesBuildPhase section */
		03B324481B25D1A80064218A /* Resources */ = {
			isa = PBXResourcesBuildPhase;
			buildActionMask = 2147483647;
			files = (
				03B324631B25D1A80064218A /* LaunchScreen.xib in Resources */,
				0363A04E1B2D7D8C00AB0D53 /* blip.caf in Resources */,
				0363A0501B2D7D8C00AB0D53 /* gameover.caf in Resources */,
				0363A04F1B2D7D8C00AB0D53 /* brickhit.caf in Resources */,
				03B324601B25D1A80064218A /* Images.xcassets in Resources */,
				030E5A5A1B31C91B00F87FD3 /* bricks.atlas in Resources */,
				03B324581B25D1A80064218A /* GameScene.sks in Resources */,
				030E5A5E1B31CF8700F87FD3 /* orb.atlas in Resources */,
				03B3245E1B25D1A80064218A /* Main.storyboard in Resources */,
			);
			runOnlyForDeploymentPostprocessing = 0;
		};
		03B324661B25D1A80064218A /* Resources */ = {
			isa = PBXResourcesBuildPhase;
			buildActionMask = 2147483647;
			files = (
			);
			runOnlyForDeploymentPostprocessing = 0;
		};
/* End PBXResourcesBuildPhase section */

/* Begin PBXSourcesBuildPhase section */
		03B324461B25D1A80064218A /* Sources */ = {
			isa = PBXSourcesBuildPhase;
			buildActionMask = 2147483647;
			files = (
				03B3245B1B25D1A80064218A /* GameViewController.m in Sources */,
				03B324531B25D1A80064218A /* AppDelegate.m in Sources */,
				03B324561B25D1A80064218A /* GameScene.m in Sources */,
				03B324501B25D1A80064218A /* main.m in Sources */,
				0363A0531B2D975200AB0D53 /* EndScene.m in Sources */,
			);
			runOnlyForDeploymentPostprocessing = 0;
		};
		03B324641B25D1A80064218A /* Sources */ = {
			isa = PBXSourcesBuildPhase;
			buildActionMask = 2147483647;
			files = (
				03B3246F1B25D1A80064218A /* BrickBreakerTests.m in Sources */,
			);
			runOnlyForDeploymentPostprocessing = 0;
		};
/* End PBXSourcesBuildPhase section */

/* Begin PBXTargetDependency section */
		03B3246A1B25D1A80064218A /* PBXTargetDependency */ = {
			isa = PBXTargetDependency;
			target = 03B324491B25D1A80064218A /* BrickBreaker */;
			targetProxy = 03B324691B25D1A80064218A /* PBXContainerItemProxy */;
		};
/* End PBXTargetDependency section */

/* Begin PBXVariantGroup section */
		03B3245C1B25D1A80064218A /* Main.storyboard */ = {
			isa = PBXVariantGroup;
			children = (
				03B3245D1B25D1A80064218A /* Base */,
			);
			name = Main.storyboard;
			sourceTree = "<group>";
		};
		03B324611B25D1A80064218A /* LaunchScreen.xib */ = {
			isa = PBXVariantGroup;
			children = (
				03B324621B25D1A80064218A /* Base */,
			);
			name = LaunchScreen.xib;
			sourceTree = "<group>";
		};
/* End PBXVariantGroup section */

/* Begin XCBuildConfiguration section */
		03B324701B25D1A80064218A /* Debug */ = {
			isa = XCBuildConfiguration;
			buildSettings = {
				ALWAYS_SEARCH_USER_PATHS = NO;
				CLANG_CXX_LANGUAGE_STANDARD = "gnu++0x";
				CLANG_CXX_LIBRARY = "libc++";
				CLANG_ENABLE_MODULES = YES;
				CLANG_ENABLE_OBJC_ARC = YES;
				CLANG_WARN_BOOL_CONVERSION = YES;
				CLANG_WARN_CONSTANT_CONVERSION = YES;
				CLANG_WARN_DIRECT_OBJC_ISA_USAGE = YES_ERROR;
				CLANG_WARN_EMPTY_BODY = YES;
				CLANG_WARN_ENUM_CONVERSION = YES;
				CLANG_WARN_INT_CONVERSION = YES;
				CLANG_WARN_OBJC_ROOT_CLASS = YES_ERROR;
				CLANG_WARN_UNREACHABLE_CODE = YES;
				CLANG_WARN__DUPLICATE_METHOD_MATCH = YES;
				"CODE_SIGN_IDENTITY[sdk=iphoneos*]" = "iPhone Developer";
				COPY_PHASE_STRIP = NO;
				ENABLE_STRICT_OBJC_MSGSEND = YES;
				GCC_C_LANGUAGE_STANDARD = gnu99;
				GCC_DYNAMIC_NO_PIC = NO;
				GCC_OPTIMIZATION_LEVEL = 0;
				GCC_PREPROCESSOR_DEFINITIONS = (
					"DEBUG=1",
					"$(inherited)",
				);
				GCC_SYMBOLS_PRIVATE_EXTERN = NO;
				GCC_WARN_64_TO_32_BIT_CONVERSION = YES;
				GCC_WARN_ABOUT_RETURN_TYPE = YES_ERROR;
				GCC_WARN_UNDECLARED_SELECTOR = YES;
				GCC_WARN_UNINITIALIZED_AUTOS = YES_AGGRESSIVE;
				GCC_WARN_UNUSED_FUNCTION = YES;
				GCC_WARN_UNUSED_VARIABLE = YES;
				IPHONEOS_DEPLOYMENT_TARGET = 8.1;
				MTL_ENABLE_DEBUG_INFO = YES;
				ONLY_ACTIVE_ARCH = YES;
				SDKROOT = iphoneos;
			};
			name = Debug;
		};
		03B324711B25D1A80064218A /* Release */ = {
			isa = XCBuildConfiguration;
			buildSettings = {
				ALWAYS_SEARCH_USER_PATHS = NO;
				CLANG_CXX_LANGUAGE_STANDARD = "gnu++0x";
				CLANG_CXX_LIBRARY = "libc++";
				CLANG_ENABLE_MODULES = YES;
				CLANG_ENABLE_OBJC_ARC = YES;
				CLANG_WARN_BOOL_CONVERSION = YES;
				CLANG_WARN_CONSTANT_CONVERSION = YES;
				CLANG_WARN_DIRECT_OBJC_ISA_USAGE = YES_ERROR;
				CLANG_WARN_EMPTY_BODY = YES;
				CLANG_WARN_ENUM_CONVERSION = YES;
				CLANG_WARN_INT_CONVERSION = YES;
				CLANG_WARN_OBJC_ROOT_CLASS = YES_ERROR;
				CLANG_WARN_UNREACHABLE_CODE = YES;
				CLANG_WARN__DUPLICATE_METHOD_MATCH = YES;
				"CODE_SIGN_IDENTITY[sdk=iphoneos*]" = "iPhone Developer";
				COPY_PHASE_STRIP = YES;
				ENABLE_NS_ASSERTIONS = NO;
				ENABLE_STRICT_OBJC_MSGSEND = YES;
				GCC_C_LANGUAGE_STANDARD = gnu99;
				GCC_WARN_64_TO_32_BIT_CONVERSION = YES;
				GCC_WARN_ABOUT_RETURN_TYPE = YES_ERROR;
				GCC_WARN_UNDECLARED_SELECTOR = YES;
				GCC_WARN_UNINITIALIZED_AUTOS = YES_AGGRESSIVE;
				GCC_WARN_UNUSED_FUNCTION = YES;
				GCC_WARN_UNUSED_VARIABLE = YES;
				IPHONEOS_DEPLOYMENT_TARGET = 8.1;
				MTL_ENABLE_DEBUG_INFO = NO;
				SDKROOT = iphoneos;
				VALIDATE_PRODUCT = YES;
			};
			name = Release;
		};
		03B324731B25D1A80064218A /* Debug */ = {
			isa = XCBuildConfiguration;
			buildSettings = {
				ASSETCATALOG_COMPILER_APPICON_NAME = AppIcon;
				INFOPLIST_FILE = BrickBreaker/Info.plist;
				LD_RUNPATH_SEARCH_PATHS = "$(inherited) @executable_path/Frameworks";
				PRODUCT_NAME = "$(TARGET_NAME)";
			};
			name = Debug;
		};
		03B324741B25D1A80064218A /* Release */ = {
			isa = XCBuildConfiguration;
			buildSettings = {
				ASSETCATALOG_COMPILER_APPICON_NAME = AppIcon;
				INFOPLIST_FILE = BrickBreaker/Info.plist;
				LD_RUNPATH_SEARCH_PATHS = "$(inherited) @executable_path/Frameworks";
				PRODUCT_NAME = "$(TARGET_NAME)";
			};
			name = Release;
		};
		03B324761B25D1A80064218A /* Debug */ = {
			isa = XCBuildConfiguration;
			buildSettings = {
				BUNDLE_LOADER = "$(TEST_HOST)";
				FRAMEWORK_SEARCH_PATHS = (
					"$(SDKROOT)/Developer/Library/Frameworks",
					"$(inherited)",
				);
				GCC_PREPROCESSOR_DEFINITIONS = (
					"DEBUG=1",
					"$(inherited)",
				);
				INFOPLIST_FILE = BrickBreakerTests/Info.plist;
				LD_RUNPATH_SEARCH_PATHS = "$(inherited) @executable_path/Frameworks @loader_path/Frameworks";
				PRODUCT_NAME = "$(TARGET_NAME)";
				TEST_HOST = "$(BUILT_PRODUCTS_DIR)/BrickBreaker.app/BrickBreaker";
			};
			name = Debug;
		};
		03B324771B25D1A80064218A /* Release */ = {
			isa = XCBuildConfiguration;
			buildSettings = {
				BUNDLE_LOADER = "$(TEST_HOST)";
				FRAMEWORK_SEARCH_PATHS = (
					"$(SDKROOT)/Developer/Library/Frameworks",
					"$(inherited)",
				);
				INFOPLIST_FILE = BrickBreakerTests/Info.plist;
				LD_RUNPATH_SEARCH_PATHS = "$(inherited) @executable_path/Frameworks @loader_path/Frameworks";
				PRODUCT_NAME = "$(TARGET_NAME)";
				TEST_HOST = "$(BUILT_PRODUCTS_DIR)/BrickBreaker.app/BrickBreaker";
			};
			name = Release;
		};
/* End XCBuildConfiguration section */

/* Begin XCConfigurationList section */
		03B324451B25D1A80064218A /* Build configuration list for PBXProject "BrickBreaker" */ = {
			isa = XCConfigurationList;
			buildConfigurations = (
				03B324701B25D1A80064218A /* Debug */,
				03B324711B25D1A80064218A /* Release */,
			);
			defaultConfigurationIsVisible = 0;
			defaultConfigurationName = Release;
		};
		03B324721B25D1A80064218A /* Build configuration list for PBXNativeTarget "BrickBreaker" */ = {
			isa = XCConfigurationList;
			buildConfigurations = (
				03B324731B25D1A80064218A /* Debug */,
				03B324741B25D1A80064218A /* Release */,
			);
			defaultConfigurationIsVisible = 0;
			defaultConfigurationName = Release;
		};
		03B324751B25D1A80064218A /* Build configuration list for PBXNativeTarget "BrickBreakerTests" */ = {
			isa = XCConfigurationList;
			buildConfigurations = (
				03B324761B25D1A80064218A /* Debug */,
				03B324771B25D1A80064218A /* Release */,
			);
			defaultConfigurationIsVisible = 0;
			defaultConfigurationName = Release;
		};
/* End XCConfigurationList section */
	};
	rootObject = 03B324421B25D1A80064218A /* Project object */;
}
